
Microsoft Visual Studio Solution File, Format Version 12.00
# Visual Studio 2015
Project("{FAE04EC0-301F-11D3-BF4B-00C04F79EFBC}") = "Stackpole Photosphere App", "Stackpole Photosphere App.csproj", "{CA474A73-4C36-FFB5-6FC0-ED8729246588}"
EndProject
Project("{FAE04EC0-301F-11D3-BF4B-00C04F79EFBC}") = "Stackpole Photosphere App.Editor", "Stackpole Photosphere App.Editor.csproj", "{D44603B1-59D1-B296-202D-39D289070FAC}"
EndProject
Global
	GlobalSection(SolutionConfigurationPlatforms) = preSolution
		Debug|Any CPU = Debug|Any CPU
		Release|Any CPU = Release|Any CPU
	EndGlobalSection
	GlobalSection(ProjectConfigurationPlatforms) = postSolution
		{CA474A73-4C36-FFB5-6FC0-ED8729246588}.Debug|Any CPU.ActiveCfg = Debug|Any CPU
		{CA474A73-4C36-FFB5-6FC0-ED8729246588}.Debug|Any CPU.Build.0 = Debug|Any CPU
		{CA474A73-4C36-FFB5-6FC0-ED8729246588}.Release|Any CPU.ActiveCfg = Release|Any CPU
		{CA474A73-4C36-FFB5-6FC0-ED8729246588}.Release|Any CPU.Build.0 = Release|Any CPU
		{D44603B1-59D1-B296-202D-39D289070FAC}.Debug|Any CPU.ActiveCfg = Debug|Any CPU
		{D44603B1-59D1-B296-202D-39D289070FAC}.Debug|Any CPU.Build.0 = Debug|Any CPU
		{D44603B1-59D1-B296-202D-39D289070FAC}.Release|Any CPU.ActiveCfg = Release|Any CPU
		{D44603B1-59D1-B296-202D-39D289070FAC}.Release|Any CPU.Build.0 = Release|Any CPU
	EndGlobalSection
	GlobalSection(SolutionProperties) = preSolution
		HideSolutionNode = FALSE
	EndGlobalSection
EndGlobal
